
Microsoft Visual Studio Solution File, Format Version 12.00
# Visual Studio Version 16
VisualStudioVersion = 25.0.1705.0
MinimumVisualStudioVersion = 10.0.40219.1
Project("{FAE04EC0-301F-11D3-BF4B-00C04F79EFBC}") = "Unite.Identity", "Unite.Identity\Unite.Identity.csproj", "{1B069A8D-9D3F-4A2B-9D61-3B51319D1C7E}"
EndProject
Project("{FAE04EC0-301F-11D3-BF4B-00C04F79EFBC}") = "Unite.Identity.Web", "Unite.Identity.Web\Unite.Identity.Web.csproj", "{BEAC2838-9B84-4E26-BF37-3F3C8EB2408F}"
EndProject
Project("{FAE04EC0-301F-11D3-BF4B-00C04F79EFBC}") = "Unite.Post", "Unite.Post\Unite.Post.csproj", "{1FDA725E-235E-4F79-A5A8-425E412B6262}"
EndProject
Project("{FAE04EC0-301F-11D3-BF4B-00C04F79EFBC}") = "Unite.Tests", "Unite.Tests\Unite.Tests.csproj", "{035CEFCD-32AB-4961-B536-5BBF88C74270}"
EndProject
Global
	GlobalSection(SolutionConfigurationPlatforms) = preSolution
		Debug|Any CPU = Debug|Any CPU
		Debug|x64 = Debug|x64
		Debug|x86 = Debug|x86
		Release|Any CPU = Release|Any CPU
		Release|x64 = Release|x64
		Release|x86 = Release|x86
	EndGlobalSection
	GlobalSection(ProjectConfigurationPlatforms) = postSolution
		{1B069A8D-9D3F-4A2B-9D61-3B51319D1C7E}.Debug|Any CPU.ActiveCfg = Debug|Any CPU
		{1B069A8D-9D3F-4A2B-9D61-3B51319D1C7E}.Debug|Any CPU.Build.0 = Debug|Any CPU
		{1B069A8D-9D3F-4A2B-9D61-3B51319D1C7E}.Debug|x64.ActiveCfg = Debug|Any CPU
		{1B069A8D-9D3F-4A2B-9D61-3B51319D1C7E}.Debug|x64.Build.0 = Debug|Any CPU
		{1B069A8D-9D3F-4A2B-9D61-3B51319D1C7E}.Debug|x86.ActiveCfg = Debug|Any CPU
		{1B069A8D-9D3F-4A2B-9D61-3B51319D1C7E}.Debug|x86.Build.0 = Debug|Any CPU
		{1B069A8D-9D3F-4A2B-9D61-3B51319D1C7E}.Release|Any CPU.ActiveCfg = Release|Any CPU
		{1B069A8D-9D3F-4A2B-9D61-3B51319D1C7E}.Release|Any CPU.Build.0 = Release|Any CPU
		{1B069A8D-9D3F-4A2B-9D61-3B51319D1C7E}.Release|x64.ActiveCfg = Release|Any CPU
		{1B069A8D-9D3F-4A2B-9D61-3B51319D1C7E}.Release|x64.Build.0 = Release|Any CPU
		{1B069A8D-9D3F-4A2B-9D61-3B51319D1C7E}.Release|x86.ActiveCfg = Release|Any CPU
		{1B069A8D-9D3F-4A2B-9D61-3B51319D1C7E}.Release|x86.Build.0 = Release|Any CPU
		{BEAC2838-9B84-4E26-BF37-3F3C8EB2408F}.Debug|Any CPU.ActiveCfg = Debug|Any CPU
		{BEAC2838-9B84-4E26-BF37-3F3C8EB2408F}.Debug|Any CPU.Build.0 = Debug|Any CPU
		{BEAC2838-9B84-4E26-BF37-3F3C8EB2408F}.Debug|x64.ActiveCfg = Debug|Any CPU
		{BEAC2838-9B84-4E26-BF37-3F3C8EB2408F}.Debug|x64.Build.0 = Debug|Any CPU
		{BEAC2838-9B84-4E26-BF37-3F3C8EB2408F}.Debug|x86.ActiveCfg = Debug|Any CPU
		{BEAC2838-9B84-4E26-BF37-3F3C8EB2408F}.Debug|x86.Build.0 = Debug|Any CPU
		{BEAC2838-9B84-4E26-BF37-3F3C8EB2408F}.Release|Any CPU.ActiveCfg = Release|Any CPU
		{BEAC2838-9B84-4E26-BF37-3F3C8EB2408F}.Release|Any CPU.Build.0 = Release|Any CPU
		{BEAC2838-9B84-4E26-BF37-3F3C8EB2408F}.Release|x64.ActiveCfg = Release|Any CPU
		{BEAC2838-9B84-4E26-BF37-3F3C8EB2408F}.Release|x64.Build.0 = Release|Any CPU
		{BEAC2838-9B84-4E26-BF37-3F3C8EB2408F}.Release|x86.ActiveCfg = Release|Any CPU
		{BEAC2838-9B84-4E26-BF37-3F3C8EB2408F}.Release|x86.Build.0 = Release|Any CPU
		{1FDA725E-235E-4F79-A5A8-425E412B6262}.Debug|Any CPU.ActiveCfg = Debug|Any CPU
		{1FDA725E-235E-4F79-A5A8-425E412B6262}.Debug|Any CPU.Build.0 = Debug|Any CPU
		{1FDA725E-235E-4F79-A5A8-425E412B6262}.Debug|x64.ActiveCfg = Debug|Any CPU
		{1FDA725E-235E-4F79-A5A8-425E412B6262}.Debug|x64.Build.0 = Debug|Any CPU
		{1FDA725E-235E-4F79-A5A8-425E412B6262}.Debug|x86.ActiveCfg = Debug|Any CPU
		{1FDA725E-235E-4F79-A5A8-425E412B6262}.Debug|x86.Build.0 = Debug|Any CPU
		{1FDA725E-235E-4F79-A5A8-425E412B6262}.Release|Any CPU.ActiveCfg = Release|Any CPU
		{1FDA725E-235E-4F79-A5A8-425E412B6262}.Release|Any CPU.Build.0 = Release|Any CPU
		{1FDA725E-235E-4F79-A5A8-425E412B6262}.Release|x64.ActiveCfg = Release|Any CPU
		{1FDA725E-235E-4F79-A5A8-425E412B6262}.Release|x64.Build.0 = Release|Any CPU
		{1FDA725E-235E-4F79-A5A8-425E412B6262}.Release|x86.ActiveCfg = Release|Any CPU
		{1FDA725E-235E-4F79-A5A8-425E412B6262}.Release|x86.Build.0 = Release|Any CPU
		{035CEFCD-32AB-4961-B536-5BBF88C74270}.Debug|Any CPU.ActiveCfg = Debug|Any CPU
		{035CEFCD-32AB-4961-B536-5BBF88C74270}.Debug|Any CPU.Build.0 = Debug|Any CPU
		{035CEFCD-32AB-4961-B536-5BBF88C74270}.Debug|x64.ActiveCfg = Debug|Any CPU
		{035CEFCD-32AB-4961-B536-5BBF88C74270}.Debug|x64.Build.0 = Debug|Any CPU
		{035CEFCD-32AB-4961-B536-5BBF88C74270}.Debug|x86.ActiveCfg = Debug|Any CPU
		{035CEFCD-32AB-4961-B536-5BBF88C74270}.Debug|x86.Build.0 = Debug|Any CPU
		{035CEFCD-32AB-4961-B536-5BBF88C74270}.Release|Any CPU.ActiveCfg = Release|Any CPU
		{035CEFCD-32AB-4961-B536-5BBF88C74270}.Release|Any CPU.Build.0 = Release|Any CPU
		{035CEFCD-32AB-4961-B536-5BBF88C74270}.Release|x64.ActiveCfg = Release|Any CPU
		{035CEFCD-32AB-4961-B536-5BBF88C74270}.Release|x64.Build.0 = Release|Any CPU
		{035CEFCD-32AB-4961-B536-5BBF88C74270}.Release|x86.ActiveCfg = Release|Any CPU
		{035CEFCD-32AB-4961-B536-5BBF88C74270}.Release|x86.Build.0 = Release|Any CPU
	EndGlobalSection
	GlobalSection(SolutionProperties) = preSolution
		HideSolutionNode = FALSE
	EndGlobalSection
	GlobalSection(ExtensibilityGlobals) = postSolution
		SolutionGuid = {9B4FEE6E-55ED-4C45-95B4-C76282884C6A}
	EndGlobalSection
EndGlobal
